{
  "name": "tradeshield-agent-starter",
  "version": "0.1.0",
  "lockfileVersion": 3,
  "requires": true,
  "packages": {
    "": {
      "name": "tradeshield-agent-starter",
      "version": "0.1.0",
      "hasInstallScript": true,
      "license": "MIT",
      "engines": {
        "node": ">=18.18.0"
      }
    }
  }
}
